github.com/Dimon228Pokemon/golang_pet/second_project/under_sec_project v0.0.0-20250302164954-b03e062f4d64 h1:uZvHQtRBnNyBDT6rzmbl3zQlcehRL3qWF0IGswsX08E=
github.com/Dimon228Pokemon/golang_pet/second_project/under_sec_project v0.0.0-20250302164954-b03e062f4d64/go.mod h1:ABcUjk2tqEd2NlSwKjwfXMoMp0U+eCm2KvcFlilK8nA=
